// !$*UTF8*$!
{
	archiveVersion = 1;
	classes = {
	};
	objectVersion = 46;
	objects = {

/* Begin PBXBuildFile section */
		0438C88B1D77B856004278A2 /* CHButton.h in Headers */ = {isa = PBXBuildFile; fileRef = 0438C8891D77B856004278A2 /* CHButton.h */; };
		0438C88C1D77B856004278A2 /* CHButton.m in Sources */ = {isa = PBXBuildFile; fileRef = 0438C88A1D77B856004278A2 /* CHButton.m */; };
		0453D5801D769D9C00D3CD4C /* MyAnnotation.h in Headers */ = {isa = PBXBuildFile; fileRef = 0453D57E1D769D9C00D3CD4C /* MyAnnotation.h */; };
		0453D5811D769D9C00D3CD4C /* MyAnnotation.m in Sources */ = {isa = PBXBuildFile; fileRef = 0453D57F1D769D9C00D3CD4C /* MyAnnotation.m */; };
		0485C99A1D76C9E8004C9473 /* UIScrollView+CHTouch.h in Headers */ = {isa = PBXBuildFile; fileRef = 0485C9981D76C9E8004C9473 /* UIScrollView+CHTouch.h */; };
		0485C99B1D76C9E8004C9473 /* UIScrollView+CHTouch.m in Sources */ = {isa = PBXBuildFile; fileRef = 0485C9991D76C9E8004C9473 /* UIScrollView+CHTouch.m */; };
		0485C9A01D76D1EF004C9473 /* AMViralSwitch.h in Headers */ = {isa = PBXBuildFile; fileRef = 0485C99E1D76D1EF004C9473 /* AMViralSwitch.h */; };
		0485C9A11D76D1EF004C9473 /* AMViralSwitch.m in Sources */ = {isa = PBXBuildFile; fileRef = 0485C99F1D76D1EF004C9473 /* AMViralSwitch.m */; };
		04BEE2C71D7951EA000A92A7 /* makePackage.sh in Resources */ = {isa = PBXBuildFile; fileRef = 04BEE2961D7951EA000A92A7 /* makePackage.sh */; };
		04BEE2C81D7951EA000A92A7 /* CHFuckLocApp.app in Resources */ = {isa = PBXBuildFile; fileRef = 04BEE2991D7951EA000A92A7 /* CHFuckLocApp.app */; };
		04BEE2C91D7951EA000A92A7 /* control in Resources */ = {isa = PBXBuildFile; fileRef = 04BEE29B1D7951EA000A92A7 /* control */; };
		04BEE2CA1D7951EA000A92A7 /* CHFuckLoc.dylib in Frameworks */ = {isa = PBXBuildFile; fileRef = 04BEE29F1D7951EA000A92A7 /* CHFuckLoc.dylib */; };
		04BEE2CB1D7951EA000A92A7 /* CHFuckLoc.plist in Resources */ = {isa = PBXBuildFile; fileRef = 04BEE2A01D7951EA000A92A7 /* CHFuckLoc.plist */; };
		04BEE2CC1D7951EA000A92A7 /* control in Resources */ = {isa = PBXBuildFile; fileRef = 04BEE2A51D7951EA000A92A7 /* control */; };
		04BEE2CD1D7951EA000A92A7 /* CHFuckLoc.dylib in Frameworks */ = {isa = PBXBuildFile; fileRef = 04BEE2A91D7951EA000A92A7 /* CHFuckLoc.dylib */; };
		04BEE2CE1D7951EA000A92A7 /* CHFuckLoc.plist in Resources */ = {isa = PBXBuildFile; fileRef = 04BEE2AA1D7951EA000A92A7 /* CHFuckLoc.plist */; };
		04BEE2CF1D7951EA000A92A7 /* build_session in Resources */ = {isa = PBXBuildFile; fileRef = 04BEE2AB1D7951EA000A92A7 /* build_session */; };
		04BEE2D01D7951EA000A92A7 /* fakeroot in Resources */ = {isa = PBXBuildFile; fileRef = 04BEE2AC1D7951EA000A92A7 /* fakeroot */; };
		04BEE2D11D7951EA000A92A7 /* last_package in Resources */ = {isa = PBXBuildFile; fileRef = 04BEE2AD1D7951EA000A92A7 /* last_package */; };
		04BEE2D21D7951EA000A92A7 /* .stamp in Resources */ = {isa = PBXBuildFile; fileRef = 04BEE2B01D7951EA000A92A7 /* .stamp */; };
		04BEE2D31D7951EA000A92A7 /* CHFuckLoc.dylib in Frameworks */ = {isa = PBXBuildFile; fileRef = 04BEE2B21D7951EA000A92A7 /* CHFuckLoc.dylib */; };
		04BEE2D41D7951EA000A92A7 /* LCBridge.m.c62271d4.o in Frameworks */ = {isa = PBXBuildFile; fileRef = 04BEE2B31D7951EA000A92A7 /* LCBridge.m.c62271d4.o */; };
		04BEE2D51D7951EA000A92A7 /* Tweak.xm.c62271d4.o in Frameworks */ = {isa = PBXBuildFile; fileRef = 04BEE2B41D7951EA000A92A7 /* Tweak.xm.c62271d4.o */; };
		04BEE2D61D7951EA000A92A7 /* CHFuckLoc.dylib in Frameworks */ = {isa = PBXBuildFile; fileRef = 04BEE2B61D7951EA000A92A7 /* CHFuckLoc.dylib */; };
		04BEE2D71D7951EA000A92A7 /* LCBridge.m.f812a8d9.o in Frameworks */ = {isa = PBXBuildFile; fileRef = 04BEE2B71D7951EA000A92A7 /* LCBridge.m.f812a8d9.o */; };
		04BEE2D81D7951EA000A92A7 /* Tweak.xm.f812a8d9.o in Frameworks */ = {isa = PBXBuildFile; fileRef = 04BEE2B81D7951EA000A92A7 /* Tweak.xm.f812a8d9.o */; };
		04BEE2D91D7951EA000A92A7 /* CHFuckLoc.dylib in Frameworks */ = {isa = PBXBuildFile; fileRef = 04BEE2B91D7951EA000A92A7 /* CHFuckLoc.dylib */; };
		04BEE2DA1D7951EA000A92A7 /* com.86itsec.chfuckloc-0.0.1 in Resources */ = {isa = PBXBuildFile; fileRef = 04BEE2BB1D7951EA000A92A7 /* com.86itsec.chfuckloc-0.0.1 */; };
		04BEE2DB1D7951EA000A92A7 /* CHFuckLoc.dylib in Frameworks */ = {isa = PBXBuildFile; fileRef = 04BEE2BC1D7951EA000A92A7 /* CHFuckLoc.dylib */; };
		04BEE2DC1D7951EA000A92A7 /* CHFuckLoc.plist in Resources */ = {isa = PBXBuildFile; fileRef = 04BEE2BD1D7951EA000A92A7 /* CHFuckLoc.plist */; };
		04BEE2DD1D7951EA000A92A7 /* control in Resources */ = {isa = PBXBuildFile; fileRef = 04BEE2BE1D7951EA000A92A7 /* control */; };
		04BEE2DE1D7951EA000A92A7 /* LCBridge.m in Sources */ = {isa = PBXBuildFile; fileRef = 04BEE2C01D7951EA000A92A7 /* LCBridge.m */; };
		04BEE2DF1D7951EA000A92A7 /* Makefile in Sources */ = {isa = PBXBuildFile; fileRef = 04BEE2C11D7951EA000A92A7 /* Makefile */; };
		04BEE2E01D7951EA000A92A7 /* com.86itsec.chfuckloc_0.0.1-12+debug_iphoneos-arm.deb in Frameworks */ = {isa = PBXBuildFile; fileRef = 04BEE2C51D7951EA000A92A7 /* com.86itsec.chfuckloc_0.0.1-12+debug_iphoneos-arm.deb */; };
		04BEE2E11D7951EA000A92A7 /* Tweak.xm in Resources */ = {isa = PBXBuildFile; fileRef = 04BEE2C61D7951EA000A92A7 /* Tweak.xm */; };
		04E52A2B1D74276B00794BEF /* main.m in Sources */ = {isa = PBXBuildFile; fileRef = 04E52A2A1D74276B00794BEF /* main.m */; };
		04E52A2D1D74276B00794BEF /* AppDelegate.h in Headers */ = {isa = PBXBuildFile; fileRef = 04E52A2C1D74276B00794BEF /* AppDelegate.h */; };
		04E52A2F1D74276B00794BEF /* AppDelegate.m in Sources */ = {isa = PBXBuildFile; fileRef = 04E52A2E1D74276B00794BEF /* AppDelegate.m */; };
		04E52A381D74276B00794BEF /* control in Resources */ = {isa = PBXBuildFile; fileRef = 04E52A371D74276B00794BEF /* control */; };
		04E52A3A1D74276B00794BEF /* PackageVersion.plist in Resources */ = {isa = PBXBuildFile; fileRef = 04E52A391D74276B00794BEF /* PackageVersion.plist */; };
		04E52A4A1D74276B00794BEF /* Assets.xcassets in Resources */ = {isa = PBXBuildFile; fileRef = 04E52A491D74276B00794BEF /* Assets.xcassets */; };
		04E52A4D1D74276B00794BEF /* LaunchScreen.storyboard in Resources */ = {isa = PBXBuildFile; fileRef = 04E52A4B1D74276B00794BEF /* LaunchScreen.storyboard */; };
		04E52A721D74284500794BEF /* CHGoViewController.h in Headers */ = {isa = PBXBuildFile; fileRef = 04E52A701D74284500794BEF /* CHGoViewController.h */; };
		04E52A731D74284500794BEF /* CHGoViewController.m in Sources */ = {isa = PBXBuildFile; fileRef = 04E52A711D74284500794BEF /* CHGoViewController.m */; };
		04E52A781D74340E00794BEF /* CoreLocation.framework in Frameworks */ = {isa = PBXBuildFile; fileRef = 04E52A771D74340E00794BEF /* CoreLocation.framework */; };
		04E52A7C1D74403500794BEF /* LocModel.h in Headers */ = {isa = PBXBuildFile; fileRef = 04E52A7A1D74403500794BEF /* LocModel.h */; };
		04E52A7D1D74403500794BEF /* LocModel.m in Sources */ = {isa = PBXBuildFile; fileRef = 04E52A7B1D74403500794BEF /* LocModel.m */; };
/* End PBXBuildFile section */

/* Begin PBXContainerItemProxy section */
		04E52A541D74276B00794BEF /* PBXContainerItemProxy */ = {
			isa = PBXContainerItemProxy;
			containerPortal = 04E52A1A1D74276B00794BEF /* Project object */;
			proxyType = 1;
			remoteGlobalIDString = 04E52A251D74276B00794BEF;
			remoteInfo = CHFuckLocApp;
		};
		04E52A5F1D74276B00794BEF /* PBXContainerItemProxy */ = {
			isa = PBXContainerItemProxy;
			containerPortal = 04E52A1A1D74276B00794BEF /* Project object */;
			proxyType = 1;
			remoteGlobalIDString = 04E52A251D74276B00794BEF;
			remoteInfo = CHFuckLocApp;
		};
/* End PBXContainerItemProxy section */

/* Begin PBXFileReference section */
		0438C8891D77B856004278A2 /* CHButton.h */ = {isa = PBXFileReference; fileEncoding = 4; lastKnownFileType = sourcecode.c.h; path = CHButton.h; sourceTree = "<group>"; };
		0438C88A1D77B856004278A2 /* CHButton.m */ = {isa = PBXFileReference; fileEncoding = 4; lastKnownFileType = sourcecode.c.objc; path = CHButton.m; sourceTree = "<group>"; };
		0453D57E1D769D9C00D3CD4C /* MyAnnotation.h */ = {isa = PBXFileReference; fileEncoding = 4; lastKnownFileType = sourcecode.c.h; path = MyAnnotation.h; sourceTree = "<group>"; };
		0453D57F1D769D9C00D3CD4C /* MyAnnotation.m */ = {isa = PBXFileReference; fileEncoding = 4; lastKnownFileType = sourcecode.c.objc; path = MyAnnotation.m; sourceTree = "<group>"; };
		0485C9981D76C9E8004C9473 /* UIScrollView+CHTouch.h */ = {isa = PBXFileReference; fileEncoding = 4; lastKnownFileType = sourcecode.c.h; path = "UIScrollView+CHTouch.h"; sourceTree = "<group>"; };
		0485C9991D76C9E8004C9473 /* UIScrollView+CHTouch.m */ = {isa = PBXFileReference; fileEncoding = 4; lastKnownFileType = sourcecode.c.objc; path = "UIScrollView+CHTouch.m"; sourceTree = "<group>"; };
		0485C99E1D76D1EF004C9473 /* AMViralSwitch.h */ = {isa = PBXFileReference; fileEncoding = 4; lastKnownFileType = sourcecode.c.h; path = AMViralSwitch.h; sourceTree = "<group>"; };
		0485C99F1D76D1EF004C9473 /* AMViralSwitch.m */ = {isa = PBXFileReference; fileEncoding = 4; lastKnownFileType = sourcecode.c.objc; path = AMViralSwitch.m; sourceTree = "<group>"; };
		04BEE2961D7951EA000A92A7 /* makePackage.sh */ = {isa = PBXFileReference; fileEncoding = 4; lastKnownFileType = text.script.sh; path = makePackage.sh; sourceTree = "<group>"; };
		04BEE2991D7951EA000A92A7 /* CHFuckLocApp.app */ = {isa = PBXFileReference; lastKnownFileType = wrapper.application; path = CHFuckLocApp.app; sourceTree = "<group>"; };
		04BEE29B1D7951EA000A92A7 /* control */ = {isa = PBXFileReference; fileEncoding = 4; lastKnownFileType = text; path = control; sourceTree = "<group>"; };
		04BEE29F1D7951EA000A92A7 /* CHFuckLoc.dylib */ = {isa = PBXFileReference; lastKnownFileType = "compiled.mach-o.dylib"; path = CHFuckLoc.dylib; sourceTree = "<group>"; };
		04BEE2A01D7951EA000A92A7 /* CHFuckLoc.plist */ = {isa = PBXFileReference; lastKnownFileType = text.plist; path = CHFuckLoc.plist; sourceTree = "<group>"; };
		04BEE2A51D7951EA000A92A7 /* control */ = {isa = PBXFileReference; fileEncoding = 4; lastKnownFileType = text; path = control; sourceTree = "<group>"; };
		04BEE2A91D7951EA000A92A7 /* CHFuckLoc.dylib */ = {isa = PBXFileReference; lastKnownFileType = "compiled.mach-o.dylib"; path = CHFuckLoc.dylib; sourceTree = "<group>"; };
		04BEE2AA1D7951EA000A92A7 /* CHFuckLoc.plist */ = {isa = PBXFileReference; lastKnownFileType = text.plist; path = CHFuckLoc.plist; sourceTree = "<group>"; };
		04BEE2AB1D7951EA000A92A7 /* build_session */ = {isa = PBXFileReference; fileEncoding = 4; lastKnownFileType = text; path = build_session; sourceTree = "<group>"; };
		04BEE2AC1D7951EA000A92A7 /* fakeroot */ = {isa = PBXFileReference; fileEncoding = 4; lastKnownFileType = text; path = fakeroot; sourceTree = "<group>"; };
		04BEE2AD1D7951EA000A92A7 /* last_package */ = {isa = PBXFileReference; fileEncoding = 4; lastKnownFileType = text; path = last_package; sourceTree = "<group>"; };
		04BEE2B01D7951EA000A92A7 /* .stamp */ = {isa = PBXFileReference; fileEncoding = 4; lastKnownFileType = text; path = .stamp; sourceTree = "<group>"; };
		04BEE2B21D7951EA000A92A7 /* CHFuckLoc.dylib */ = {isa = PBXFileReference; lastKnownFileType = "compiled.mach-o.dylib"; path = CHFuckLoc.dylib; sourceTree = "<group>"; };
		04BEE2B31D7951EA000A92A7 /* LCBridge.m.c62271d4.o */ = {isa = PBXFileReference; lastKnownFileType = "compiled.mach-o.objfile"; path = LCBridge.m.c62271d4.o; sourceTree = "<group>"; };
		04BEE2B41D7951EA000A92A7 /* Tweak.xm.c62271d4.o */ = {isa = PBXFileReference; lastKnownFileType = "compiled.mach-o.objfile"; path = Tweak.xm.c62271d4.o; sourceTree = "<group>"; };
		04BEE2B61D7951EA000A92A7 /* CHFuckLoc.dylib */ = {isa = PBXFileReference; lastKnownFileType = "compiled.mach-o.dylib"; path = CHFuckLoc.dylib; sourceTree = "<group>"; };
		04BEE2B71D7951EA000A92A7 /* LCBridge.m.f812a8d9.o */ = {isa = PBXFileReference; lastKnownFileType = "compiled.mach-o.objfile"; path = LCBridge.m.f812a8d9.o; sourceTree = "<group>"; };
		04BEE2B81D7951EA000A92A7 /* Tweak.xm.f812a8d9.o */ = {isa = PBXFileReference; lastKnownFileType = "compiled.mach-o.objfile"; path = Tweak.xm.f812a8d9.o; sourceTree = "<group>"; };
		04BEE2B91D7951EA000A92A7 /* CHFuckLoc.dylib */ = {isa = PBXFileReference; lastKnownFileType = "compiled.mach-o.dylib"; path = CHFuckLoc.dylib; sourceTree = "<group>"; };
		04BEE2BB1D7951EA000A92A7 /* com.86itsec.chfuckloc-0.0.1 */ = {isa = PBXFileReference; fileEncoding = 4; lastKnownFileType = text.man; path = "com.86itsec.chfuckloc-0.0.1"; sourceTree = "<group>"; };
		04BEE2BC1D7951EA000A92A7 /* CHFuckLoc.dylib */ = {isa = PBXFileReference; lastKnownFileType = "compiled.mach-o.dylib"; path = CHFuckLoc.dylib; sourceTree = "<group>"; };
		04BEE2BD1D7951EA000A92A7 /* CHFuckLoc.plist */ = {isa = PBXFileReference; lastKnownFileType = text.plist; path = CHFuckLoc.plist; sourceTree = "<group>"; };
		04BEE2BE1D7951EA000A92A7 /* control */ = {isa = PBXFileReference; fileEncoding = 4; lastKnownFileType = text; path = control; sourceTree = "<group>"; };
		04BEE2BF1D7951EA000A92A7 /* LCBridge.h */ = {isa = PBXFileReference; fileEncoding = 4; lastKnownFileType = sourcecode.c.h; path = LCBridge.h; sourceTree = "<group>"; };
		04BEE2C01D7951EA000A92A7 /* LCBridge.m */ = {isa = PBXFileReference; fileEncoding = 4; lastKnownFileType = sourcecode.c.objc; path = LCBridge.m; sourceTree = "<group>"; };
		04BEE2C11D7951EA000A92A7 /* Makefile */ = {isa = PBXFileReference; fileEncoding = 4; lastKnownFileType = sourcecode.make; path = Makefile; sourceTree = "<group>"; };
		04BEE2C51D7951EA000A92A7 /* com.86itsec.chfuckloc_0.0.1-12+debug_iphoneos-arm.deb */ = {isa = PBXFileReference; lastKnownFileType = archive.ar; path = "com.86itsec.chfuckloc_0.0.1-12+debug_iphoneos-arm.deb"; sourceTree = "<group>"; };
		04BEE2C61D7951EA000A92A7 /* Tweak.xm */ = {isa = PBXFileReference; fileEncoding = 4; lastKnownFileType = text; path = Tweak.xm; sourceTree = "<group>"; };
		04E52A261D74276B00794BEF /* CHFuckLocApp.app */ = {isa = PBXFileReference; explicitFileType = wrapper.application; includeInIndex = 0; path = CHFuckLocApp.app; sourceTree = BUILT_PRODUCTS_DIR; };
		04E52A2A1D74276B00794BEF /* main.m */ = {isa = PBXFileReference; lastKnownFileType = sourcecode.c.objc; path = main.m; sourceTree = "<group>"; };
		04E52A2C1D74276B00794BEF /* AppDelegate.h */ = {isa = PBXFileReference; lastKnownFileType = sourcecode.c.h; path = AppDelegate.h; sourceTree = "<group>"; };
		04E52A2E1D74276B00794BEF /* AppDelegate.m */ = {isa = PBXFileReference; lastKnownFileType = sourcecode.c.objc; path = AppDelegate.m; sourceTree = "<group>"; };
		04E52A371D74276B00794BEF /* control */ = {isa = PBXFileReference; lastKnownFileType = text; name = control; path = Package/DEBIAN/control; sourceTree = "<group>"; };
		04E52A391D74276B00794BEF /* PackageVersion.plist */ = {isa = PBXFileReference; lastKnownFileType = text.plist.xml; path = PackageVersion.plist; sourceTree = "<group>"; };
		04E52A491D74276B00794BEF /* Assets.xcassets */ = {isa = PBXFileReference; lastKnownFileType = folder.assetcatalog; path = Assets.xcassets; sourceTree = "<group>"; };
		04E52A4C1D74276B00794BEF /* Base */ = {isa = PBXFileReference; lastKnownFileType = file.storyboard; name = Base; path = Base.lproj/LaunchScreen.storyboard; sourceTree = "<group>"; };
		04E52A4E1D74276B00794BEF /* Info.plist */ = {isa = PBXFileReference; lastKnownFileType = text.plist.xml; path = Info.plist; sourceTree = "<group>"; };
		04E52A531D74276B00794BEF /* CHFuckLocAppTests.xctest */ = {isa = PBXFileReference; explicitFileType = wrapper.cfbundle; includeInIndex = 0; path = CHFuckLocAppTests.xctest; sourceTree = BUILT_PRODUCTS_DIR; };
		04E52A5E1D74276B00794BEF /* CHFuckLocAppUITests.xctest */ = {isa = PBXFileReference; explicitFileType = wrapper.cfbundle; includeInIndex = 0; path = CHFuckLocAppUITests.xctest; sourceTree = BUILT_PRODUCTS_DIR; };
		04E52A701D74284500794BEF /* CHGoViewController.h */ = {isa = PBXFileReference; fileEncoding = 4; lastKnownFileType = sourcecode.c.h; path = CHGoViewController.h; sourceTree = "<group>"; };
		04E52A711D74284500794BEF /* CHGoViewController.m */ = {isa = PBXFileReference; fileEncoding = 4; lastKnownFileType = sourcecode.c.objc; path = CHGoViewController.m; sourceTree = "<group>"; };
		04E52A771D74340E00794BEF /* CoreLocation.framework */ = {isa = PBXFileReference; lastKnownFileType = wrapper.framework; name = CoreLocation.framework; path = System/Library/Frameworks/CoreLocation.framework; sourceTree = SDKROOT; };
		04E52A7A1D74403500794BEF /* LocModel.h */ = {isa = PBXFileReference; fileEncoding = 4; lastKnownFileType = sourcecode.c.h; path = LocModel.h; sourceTree = "<group>"; };
		04E52A7B1D74403500794BEF /* LocModel.m */ = {isa = PBXFileReference; fileEncoding = 4; lastKnownFileType = sourcecode.c.objc; path = LocModel.m; sourceTree = "<group>"; wrapsLines = 0; };
/* End PBXFileReference section */

/* Begin PBXFrameworksBuildPhase section */
		04E52A1F1D74276B00794BEF /* Frameworks */ = {
			isa = PBXFrameworksBuildPhase;
			buildActionMask = 2147483647;
			files = (
				04E52A781D74340E00794BEF /* CoreLocation.framework in Frameworks */,
			);
			runOnlyForDeploymentPostprocessing = 0;
		};
		04E52A221D74276B00794BEF /* Frameworks */ = {
			isa = PBXFrameworksBuildPhase;
			buildActionMask = 2147483647;
			files = (
			);
			runOnlyForDeploymentPostprocessing = 0;
		};
		04E52A501D74276B00794BEF /* Frameworks */ = {
			isa = PBXFrameworksBuildPhase;
			buildActionMask = 2147483647;
			files = (
				04BEE2D51D7951EA000A92A7 /* Tweak.xm.c62271d4.o in Frameworks */,
				04BEE2D71D7951EA000A92A7 /* LCBridge.m.f812a8d9.o in Frameworks */,
				04BEE2D41D7951EA000A92A7 /* LCBridge.m.c62271d4.o in Frameworks */,
				04BEE2CA1D7951EA000A92A7 /* CHFuckLoc.dylib in Frameworks */,
				04BEE2D81D7951EA000A92A7 /* Tweak.xm.f812a8d9.o in Frameworks */,
				04BEE2CD1D7951EA000A92A7 /* CHFuckLoc.dylib in Frameworks */,
				04BEE2D31D7951EA000A92A7 /* CHFuckLoc.dylib in Frameworks */,
				04BEE2DB1D7951EA000A92A7 /* CHFuckLoc.dylib in Frameworks */,
				04BEE2D61D7951EA000A92A7 /* CHFuckLoc.dylib in Frameworks */,
				04BEE2D91D7951EA000A92A7 /* CHFuckLoc.dylib in Frameworks */,
				04BEE2E01D7951EA000A92A7 /* com.86itsec.chfuckloc_0.0.1-12+debug_iphoneos-arm.deb in Frameworks */,
			);
			runOnlyForDeploymentPostprocessing = 0;
		};
		04E52A5B1D74276B00794BEF /* Frameworks */ = {
			isa = PBXFrameworksBuildPhase;
			buildActionMask = 2147483647;
			files = (
			);
			runOnlyForDeploymentPostprocessing = 0;
		};
/* End PBXFrameworksBuildPhase section */

/* Begin PBXGroup section */
		0453D57D1D769D7B00D3CD4C /* View */ = {
			isa = PBXGroup;
			children = (
				0485C9981D76C9E8004C9473 /* UIScrollView+CHTouch.h */,
				0485C9991D76C9E8004C9473 /* UIScrollView+CHTouch.m */,
				0438C8891D77B856004278A2 /* CHButton.h */,
				0438C88A1D77B856004278A2 /* CHButton.m */,
			);
			name = View;
			sourceTree = "<group>";
		};
		0485C99C1D76D1D5004C9473 /* SDK Library */ = {
			isa = PBXGroup;
			children = (
				04E52A771D74340E00794BEF /* CoreLocation.framework */,
				0485C99D1D76D1EF004C9473 /* Source */,
			);
			name = "SDK Library";
			sourceTree = "<group>";
		};
		0485C99D1D76D1EF004C9473 /* Source */ = {
			isa = PBXGroup;
			children = (
				0485C99E1D76D1EF004C9473 /* AMViralSwitch.h */,
				0485C99F1D76D1EF004C9473 /* AMViralSwitch.m */,
			);
			path = Source;
			sourceTree = "<group>";
		};
		04BEE2941D795190000A92A7 /* OtherResource */ = {
			isa = PBXGroup;
			children = (
				04BEE2951D7951EA000A92A7 /* 打包范例 */,
				04BEE2A11D7951EA000A92A7 /* chfuckloc */,
			);
			name = OtherResource;
			sourceTree = "<group>";
		};
		04BEE2951D7951EA000A92A7 /* 打包范例 */ = {
			isa = PBXGroup;
			children = (
				04BEE2961D7951EA000A92A7 /* makePackage.sh */,
				04BEE2971D7951EA000A92A7 /* Package */,
			);
			path = "打包范例";
			sourceTree = "<group>";
		};
		04BEE2971D7951EA000A92A7 /* Package */ = {
			isa = PBXGroup;
			children = (
				04BEE2981D7951EA000A92A7 /* Applications */,
				04BEE29A1D7951EA000A92A7 /* DEBIAN */,
				04BEE29C1D7951EA000A92A7 /* Library */,
			);
			path = Package;
			sourceTree = "<group>";
		};
		04BEE2981D7951EA000A92A7 /* Applications */ = {
			isa = PBXGroup;
			children = (
				04BEE2991D7951EA000A92A7 /* CHFuckLocApp.app */,
			);
			path = Applications;
			sourceTree = "<group>";
		};
		04BEE29A1D7951EA000A92A7 /* DEBIAN */ = {
			isa = PBXGroup;
			children = (
				04BEE29B1D7951EA000A92A7 /* control */,
			);
			path = DEBIAN;
			sourceTree = "<group>";
		};
		04BEE29C1D7951EA000A92A7 /* Library */ = {
			isa = PBXGroup;
			children = (
				04BEE29D1D7951EA000A92A7 /* MobileSubstrate */,
			);
			path = Library;
			sourceTree = "<group>";
		};
		04BEE29D1D7951EA000A92A7 /* MobileSubstrate */ = {
			isa = PBXGroup;
			children = (
				04BEE29E1D7951EA000A92A7 /* DynamicLibraries */,
			);
			path = MobileSubstrate;
			sourceTree = "<group>";
		};
		04BEE29E1D7951EA000A92A7 /* DynamicLibraries */ = {
			isa = PBXGroup;
			children = (
				04BEE29F1D7951EA000A92A7 /* CHFuckLoc.dylib */,
				04BEE2A01D7951EA000A92A7 /* CHFuckLoc.plist */,
			);
			path = DynamicLibraries;
			sourceTree = "<group>";
		};
		04BEE2A11D7951EA000A92A7 /* chfuckloc */ = {
			isa = PBXGroup;
			children = (
				04BEE2A21D7951EA000A92A7 /* .theos */,
				04BEE2BC1D7951EA000A92A7 /* CHFuckLoc.dylib */,
				04BEE2BD1D7951EA000A92A7 /* CHFuckLoc.plist */,
				04BEE2BE1D7951EA000A92A7 /* control */,
				04BEE2BF1D7951EA000A92A7 /* LCBridge.h */,
				04BEE2C01D7951EA000A92A7 /* LCBridge.m */,
				04BEE2C11D7951EA000A92A7 /* Makefile */,
				04BEE2C21D7951EA000A92A7 /* obj */,
				04BEE2C41D7951EA000A92A7 /* packages */,
				04BEE2C61D7951EA000A92A7 /* Tweak.xm */,
			);
			path = chfuckloc;
			sourceTree = "<group>";
		};
		04BEE2A21D7951EA000A92A7 /* .theos */ = {
			isa = PBXGroup;
			children = (
				04BEE2A31D7951EA000A92A7 /* _ */,
				04BEE2AB1D7951EA000A92A7 /* build_session */,
				04BEE2AC1D7951EA000A92A7 /* fakeroot */,
				04BEE2AD1D7951EA000A92A7 /* last_package */,
				04BEE2AE1D7951EA000A92A7 /* obj */,
				04BEE2BA1D7951EA000A92A7 /* packages */,
			);
			path = .theos;
			sourceTree = "<group>";
		};
		04BEE2A31D7951EA000A92A7 /* _ */ = {
			isa = PBXGroup;
			children = (
				04BEE2A41D7951EA000A92A7 /* DEBIAN */,
				04BEE2A61D7951EA000A92A7 /* Library */,
			);
			path = _;
			sourceTree = "<group>";
		};
		04BEE2A41D7951EA000A92A7 /* DEBIAN */ = {
			isa = PBXGroup;
			children = (
				04BEE2A51D7951EA000A92A7 /* control */,
			);
			path = DEBIAN;
			sourceTree = "<group>";
		};
		04BEE2A61D7951EA000A92A7 /* Library */ = {
			isa = PBXGroup;
			children = (
				04BEE2A71D7951EA000A92A7 /* MobileSubstrate */,
			);
			path = Library;
			sourceTree = "<group>";
		};
		04BEE2A71D7951EA000A92A7 /* MobileSubstrate */ = {
			isa = PBXGroup;
			children = (
				04BEE2A81D7951EA000A92A7 /* DynamicLibraries */,
			);
			path = MobileSubstrate;
			sourceTree = "<group>";
		};
		04BEE2A81D7951EA000A92A7 /* DynamicLibraries */ = {
			isa = PBXGroup;
			children = (
				04BEE2A91D7951EA000A92A7 /* CHFuckLoc.dylib */,
				04BEE2AA1D7951EA000A92A7 /* CHFuckLoc.plist */,
			);
			path = DynamicLibraries;
			sourceTree = "<group>";
		};
		04BEE2AE1D7951EA000A92A7 /* obj */ = {
			isa = PBXGroup;
			children = (
				04BEE2AF1D7951EA000A92A7 /* debug */,
			);
			path = obj;
			sourceTree = "<group>";
		};
		04BEE2AF1D7951EA000A92A7 /* debug */ = {
			isa = PBXGroup;
			children = (
				04BEE2B01D7951EA000A92A7 /* .stamp */,
				04BEE2B11D7951EA000A92A7 /* arm64 */,
				04BEE2B51D7951EA000A92A7 /* armv7 */,
				04BEE2B91D7951EA000A92A7 /* CHFuckLoc.dylib */,
			);
			path = debug;
			sourceTree = "<group>";
		};
		04BEE2B11D7951EA000A92A7 /* arm64 */ = {
			isa = PBXGroup;
			children = (
				04BEE2B21D7951EA000A92A7 /* CHFuckLoc.dylib */,
				04BEE2B31D7951EA000A92A7 /* LCBridge.m.c62271d4.o */,
				04BEE2B41D7951EA000A92A7 /* Tweak.xm.c62271d4.o */,
			);
			path = arm64;
			sourceTree = "<group>";
		};
		04BEE2B51D7951EA000A92A7 /* armv7 */ = {
			isa = PBXGroup;
			children = (
				04BEE2B61D7951EA000A92A7 /* CHFuckLoc.dylib */,
				04BEE2B71D7951EA000A92A7 /* LCBridge.m.f812a8d9.o */,
				04BEE2B81D7951EA000A92A7 /* Tweak.xm.f812a8d9.o */,
			);
			path = armv7;
			sourceTree = "<group>";
		};
		04BEE2BA1D7951EA000A92A7 /* packages */ = {
			isa = PBXGroup;
			children = (
				04BEE2BB1D7951EA000A92A7 /* com.86itsec.chfuckloc-0.0.1 */,
			);
			path = packages;
			sourceTree = "<group>";
		};
		04BEE2C21D7951EA000A92A7 /* obj */ = {
			isa = PBXGroup;
			children = (
				04BEE2C31D7951EA000A92A7 /* debug */,
			);
			path = obj;
			sourceTree = "<group>";
		};
		04BEE2C31D7951EA000A92A7 /* debug */ = {
			isa = PBXGroup;
			children = (
			);
			path = debug;
			sourceTree = "<group>";
		};
		04BEE2C41D7951EA000A92A7 /* packages */ = {
			isa = PBXGroup;
			children = (
				04BEE2C51D7951EA000A92A7 /* com.86itsec.chfuckloc_0.0.1-12+debug_iphoneos-arm.deb */,
			);
			path = packages;
			sourceTree = "<group>";
		};
		04E52A191D74276B00794BEF = {
			isa = PBXGroup;
			children = (
				04BEE2941D795190000A92A7 /* OtherResource */,
				04E52A281D74276B00794BEF /* CHFuckLocApp */,
				04E52A271D74276B00794BEF /* Products */,
			);
			sourceTree = "<group>";
		};
		04E52A271D74276B00794BEF /* Products */ = {
			isa = PBXGroup;
			children = (
				04E52A261D74276B00794BEF /* CHFuckLocApp.app */,
				04E52A531D74276B00794BEF /* CHFuckLocAppTests.xctest */,
				04E52A5E1D74276B00794BEF /* CHFuckLocAppUITests.xctest */,
			);
			name = Products;
			sourceTree = "<group>";
		};
		04E52A281D74276B00794BEF /* CHFuckLocApp */ = {
			isa = PBXGroup;
			children = (
				0485C99C1D76D1D5004C9473 /* SDK Library */,
				0453D57D1D769D7B00D3CD4C /* View */,
				04E52A791D74401900794BEF /* Model */,
				04E52A741D74284A00794BEF /* ViewController */,
				04E52A331D74276B00794BEF /* Package */,
				04E52A291D74276B00794BEF /* Supporting Files */,
			);
			path = CHFuckLocApp;
			sourceTree = "<group>";
		};
		04E52A291D74276B00794BEF /* Supporting Files */ = {
			isa = PBXGroup;
			children = (
				04E52A491D74276B00794BEF /* Assets.xcassets */,
				04E52A4B1D74276B00794BEF /* LaunchScreen.storyboard */,
				04E52A4E1D74276B00794BEF /* Info.plist */,
				04E52A2A1D74276B00794BEF /* main.m */,
				04E52A391D74276B00794BEF /* PackageVersion.plist */,
			);
			name = "Supporting Files";
			sourceTree = "<group>";
		};
		04E52A331D74276B00794BEF /* Package */ = {
			isa = PBXGroup;
			children = (
				04E52A341D74276B00794BEF /* DEBIAN */,
				04E52A3F1D74276B00794BEF /* Applications */,
			);
			name = Package;
			sourceTree = "<group>";
		};
		04E52A341D74276B00794BEF /* DEBIAN */ = {
			isa = PBXGroup;
			children = (
				04E52A371D74276B00794BEF /* control */,
			);
			name = DEBIAN;
			sourceTree = "<group>";
		};
		04E52A3F1D74276B00794BEF /* Applications */ = {
			isa = PBXGroup;
			children = (
			);
			name = Applications;
			sourceTree = "<group>";
		};
		04E52A741D74284A00794BEF /* ViewController */ = {
			isa = PBXGroup;
			children = (
				04E52A2C1D74276B00794BEF /* AppDelegate.h */,
				04E52A2E1D74276B00794BEF /* AppDelegate.m */,
				04E52A701D74284500794BEF /* CHGoViewController.h */,
				04E52A711D74284500794BEF /* CHGoViewController.m */,
			);
			name = ViewController;
			sourceTree = "<group>";
		};
		04E52A791D74401900794BEF /* Model */ = {
			isa = PBXGroup;
			children = (
				0453D57E1D769D9C00D3CD4C /* MyAnnotation.h */,
				0453D57F1D769D9C00D3CD4C /* MyAnnotation.m */,
				04E52A7A1D74403500794BEF /* LocModel.h */,
				04E52A7B1D74403500794BEF /* LocModel.m */,
			);
			name = Model;
			sourceTree = "<group>";
		};
/* End PBXGroup section */

/* Begin PBXHeadersBuildPhase section */
		04E52A231D74276B00794BEF /* Headers */ = {
			isa = PBXHeadersBuildPhase;
			buildActionMask = 2147483647;
			files = (
				0485C99A1D76C9E8004C9473 /* UIScrollView+CHTouch.h in Headers */,
				0438C88B1D77B856004278A2 /* CHButton.h in Headers */,
				04E52A721D74284500794BEF /* CHGoViewController.h in Headers */,
				0453D5801D769D9C00D3CD4C /* MyAnnotation.h in Headers */,
				0485C9A01D76D1EF004C9473 /* AMViralSwitch.h in Headers */,
				04E52A7C1D74403500794BEF /* LocModel.h in Headers */,
				04E52A2D1D74276B00794BEF /* AppDelegate.h in Headers */,
			);
			runOnlyForDeploymentPostprocessing = 0;
		};
/* End PBXHeadersBuildPhase section */

/* Begin PBXNativeTarget section */
		04E52A251D74276B00794BEF /* CHFuckLocApp */ = {
			isa = PBXNativeTarget;
			buildConfigurationList = 04E52A671D74276B00794BEF /* Build configuration list for PBXNativeTarget "CHFuckLocApp" */;
			buildPhases = (
				04E52A1E1D74276B00794BEF /* Sources */,
				04E52A1F1D74276B00794BEF /* Frameworks */,
				04E52A201D74276B00794BEF /* Resources */,
				04E52A211D74276B00794BEF /* Sources */,
				04E52A221D74276B00794BEF /* Frameworks */,
				04E52A231D74276B00794BEF /* Headers */,
				04E52A241D74276B00794BEF /* Run Script */,
			);
			buildRules = (
			);
			dependencies = (
			);
			name = CHFuckLocApp;
			productName = CHFuckLocApp;
			productReference = 04E52A261D74276B00794BEF /* CHFuckLocApp.app */;
			productType = "com.apple.product-type.application";
		};
		04E52A521D74276B00794BEF /* CHFuckLocAppTests */ = {
			isa = PBXNativeTarget;
			buildConfigurationList = 04E52A6A1D74276B00794BEF /* Build configuration list for PBXNativeTarget "CHFuckLocAppTests" */;
			buildPhases = (
				04E52A4F1D74276B00794BEF /* Sources */,
				04E52A501D74276B00794BEF /* Frameworks */,
				04E52A511D74276B00794BEF /* Resources */,
			);
			buildRules = (
			);
			dependencies = (
				04E52A551D74276B00794BEF /* PBXTargetDependency */,
			);
			name = CHFuckLocAppTests;
			productName = CHFuckLocAppTests;
			productReference = 04E52A531D74276B00794BEF /* CHFuckLocAppTests.xctest */;
			productType = "com.apple.product-type.bundle.unit-test";
		};
		04E52A5D1D74276B00794BEF /* CHFuckLocAppUITests */ = {
			isa = PBXNativeTarget;
			buildConfigurationList = 04E52A6D1D74276B00794BEF /* Build configuration list for PBXNativeTarget "CHFuckLocAppUITests" */;
			buildPhases = (
				04E52A5A1D74276B00794BEF /* Sources */,
				04E52A5B1D74276B00794BEF /* Frameworks */,
				04E52A5C1D74276B00794BEF /* Resources */,
			);
			buildRules = (
			);
			dependencies = (
				04E52A601D74276B00794BEF /* PBXTargetDependency */,
			);
			name = CHFuckLocAppUITests;
			productName = CHFuckLocAppUITests;
			productReference = 04E52A5E1D74276B00794BEF /* CHFuckLocAppUITests.xctest */;
			productType = "com.apple.product-type.bundle.ui-testing";
		};
/* End PBXNativeTarget section */

/* Begin PBXProject section */
		04E52A1A1D74276B00794BEF /* Project object */ = {
			isa = PBXProject;
			attributes = {
				LastUpgradeCheck = 0730;
				ORGANIZATIONNAME = ch4r0n;
				TargetAttributes = {
					04E52A251D74276B00794BEF = {
						CreatedOnToolsVersion = 7.3.1;
					};
					04E52A521D74276B00794BEF = {
						CreatedOnToolsVersion = 7.3.1;
						TestTargetID = 04E52A251D74276B00794BEF;
					};
					04E52A5D1D74276B00794BEF = {
						CreatedOnToolsVersion = 7.3.1;
						TestTargetID = 04E52A251D74276B00794BEF;
					};
				};
			};
			buildConfigurationList = 04E52A1D1D74276B00794BEF /* Build configuration list for PBXProject "CHFuckLocApp" */;
			compatibilityVersion = "Xcode 3.2";
			developmentRegion = English;
			hasScannedForEncodings = 0;
			knownRegions = (
				en,
				Base,
			);
			mainGroup = 04E52A191D74276B00794BEF;
			productRefGroup = 04E52A271D74276B00794BEF /* Products */;
			projectDirPath = "";
			projectRoot = "";
			targets = (
				04E52A251D74276B00794BEF /* CHFuckLocApp */,
				04E52A521D74276B00794BEF /* CHFuckLocAppTests */,
				04E52A5D1D74276B00794BEF /* CHFuckLocAppUITests */,
			);
		};
/* End PBXProject section */

/* Begin PBXResourcesBuildPhase section */
		04E52A201D74276B00794BEF /* Resources */ = {
			isa = PBXResourcesBuildPhase;
			buildActionMask = 2147483647;
			files = (
				04E52A4D1D74276B00794BEF /* LaunchScreen.storyboard in Resources */,
				04E52A3A1D74276B00794BEF /* PackageVersion.plist in Resources */,
				04E52A381D74276B00794BEF /* control in Resources */,
				04E52A4A1D74276B00794BEF /* Assets.xcassets in Resources */,
			);
			runOnlyForDeploymentPostprocessing = 0;
		};
		04E52A511D74276B00794BEF /* Resources */ = {
			isa = PBXResourcesBuildPhase;
			buildActionMask = 2147483647;
			files = (
				04BEE2C91D7951EA000A92A7 /* control in Resources */,
				04BEE2D11D7951EA000A92A7 /* last_package in Resources */,
				04BEE2C81D7951EA000A92A7 /* CHFuckLocApp.app in Resources */,
				04BEE2C71D7951EA000A92A7 /* makePackage.sh in Resources */,
				04BEE2D01D7951EA000A92A7 /* fakeroot in Resources */,
				04BEE2D21D7951EA000A92A7 /* .stamp in Resources */,
				04BEE2CF1D7951EA000A92A7 /* build_session in Resources */,
				04BEE2E11D7951EA000A92A7 /* Tweak.xm in Resources */,
				04BEE2DA1D7951EA000A92A7 /* com.86itsec.chfuckloc-0.0.1 in Resources */,
				04BEE2CC1D7951EA000A92A7 /* control in Resources */,
				04BEE2CB1D7951EA000A92A7 /* CHFuckLoc.plist in Resources */,
				04BEE2CE1D7951EA000A92A7 /* CHFuckLoc.plist in Resources */,
				04BEE2DC1D7951EA000A92A7 /* CHFuckLoc.plist in Resources */,
				04BEE2DD1D7951EA000A92A7 /* control in Resources */,
			);
			runOnlyForDeploymentPostprocessing = 0;
		};
		04E52A5C1D74276B00794BEF /* Resources */ = {
			isa = PBXResourcesBuildPhase;
			buildActionMask = 2147483647;
			files = (
			);
			runOnlyForDeploymentPostprocessing = 0;
		};
/* End PBXResourcesBuildPhase section */

/* Begin PBXShellScriptBuildPhase section */
		04E52A241D74276B00794BEF /* Run Script */ = {
			isa = PBXShellScriptBuildPhase;
			buildActionMask = 2147483647;
			files = (
			);
			inputPaths = (
			);
			name = "Run Script";
			outputPaths = (
			);
			runOnlyForDeploymentPostprocessing = 0;
			shellPath = /bin/sh;
			shellScript = "#!/bin/sh\n###########################\nexport IP_ADDRESS=\"192.168.199.127\"\n##您设备的IP地址\nexport PACK_APP_VERSION=\"1.2-1\"\n##您APP的版本号，留空为默认（1.0-1）\nexport YOUR_APP_NAME=\"FakeLOc\"\n##请输入您的APP名称比如（test）注意后面不带.app\nexport PACK_APP_DESCR=\"fake your location for all applications \"\n##请输入对程序的描述:\nexport PACK_AUTHOR_NAME=\"ch4r0n\"\n##请输入您的姓名：\n###########################\n#上面是需要您修改的！！下面的请不要动它。。\nexport APP_NAME=${YOUR_APP_NAME}.app\nexport EXE_FILE=boot${YOUR_APP_NAME}\nexport BOOT_FILE=${YOUR_APP_NAME}\nexport PACK_APP_NAME=${YOUR_APP_NAME}\nexport PACK_DEB_NAME=com.${PACK_AUTHOR_NAME}.${PACK_APP_NAME}.deb\n\n/opt/iOSOpenDev/bin/iosod --xcbp\n\nscp /opt/iOSOpenDev/bin/bootit root@${IP_ADDRESS}:/Applications/${APP_NAME}\nssh root@${IP_ADDRESS} \"echo 'chown -R root:admin /Applications/${APP_NAME}\nchmod -R 777 /Applications/$APP_NAME\ncd /Applications/$APP_NAME\nmv $BOOT_FILE $EXE_FILE\nmv bootit $BOOT_FILE\nchown mobile:staff $BOOT_FILE\nchmod 6755 $EXE_FILE\nchmod 755 $BOOT_FILE' > /tmp/bootit.sh\"\nssh root@$IP_ADDRESS sh /tmp/bootit.sh\n######引导模块###########################\nif [ ${PACK_APP_VERSION} ==  ]; then\nexport PACK_APP_VERSION=1.0-1\nfi\n\necho \"\ncd /tmp\nmkdir tmpdeb\ncd /tmp/tmpdeb\nmkdir Applications\nmkdir DEBIAN\ncd /tmp/tmpdeb/DEBIAN\ntouch control\necho \\\"\nPackage: com.${PACK_AUTHOR_NAME}.${PACK_APP_NAME}\nName: ${PACK_APP_NAME}\nVersion: ${PACK_APP_VERSION}\nDescription: ${PACK_APP_DESCR}\nConflicts:\nReplaces:\nPriority: optional\nArchitecture: iphoneos-arm\nAuthor: ${PACK_AUTHOR_NAME}\ndev:\nHomepage:\nDepiction:\nMaintainer:\nIcon:\n\\\" >control\ncp -pr /Applications/${PACK_APP_NAME}.app /tmp/tmpdeb/Applications\ndpkg -b /tmp/tmpdeb /tmp/${PACK_DEB_NAME}\nmv /tmp/${PACK_DEB_NAME} /var/mobile\nrm -rf /tmp/tmpdeb\nrm -f /tmp/_package.sh\" > ~/_package.sh\necho \"正在上传。。。\"\nscp ~/_package.sh root@${IP_ADDRESS}:/tmp\nssh root@${IP_ADDRESS} chown root:wheel /tmp/_package.sh\nssh root@${IP_ADDRESS} chmod 777 /tmp/_package.sh\nssh root@${IP_ADDRESS} sh /tmp/_package.sh\nrm -f ~/_package.sh\n#ssh root@${IP_ADDRESS} killall SpringBoard\necho \"完成！！请在设备的/var/mobile 复制出deb文件！\"\n##################打包模块##################";
		};
/* End PBXShellScriptBuildPhase section */

/* Begin PBXSourcesBuildPhase section */
		04E52A1E1D74276B00794BEF /* Sources */ = {
			isa = PBXSourcesBuildPhase;
			buildActionMask = 2147483647;
			files = (
				0485C9A11D76D1EF004C9473 /* AMViralSwitch.m in Sources */,
				0485C99B1D76C9E8004C9473 /* UIScrollView+CHTouch.m in Sources */,
				04E52A7D1D74403500794BEF /* LocModel.m in Sources */,
				0453D5811D769D9C00D3CD4C /* MyAnnotation.m in Sources */,
				0438C88C1D77B856004278A2 /* CHButton.m in Sources */,
				04E52A2F1D74276B00794BEF /* AppDelegate.m in Sources */,
				04E52A731D74284500794BEF /* CHGoViewController.m in Sources */,
				04E52A2B1D74276B00794BEF /* main.m in Sources */,
			);
			runOnlyForDeploymentPostprocessing = 0;
		};
		04E52A211D74276B00794BEF /* Sources */ = {
			isa = PBXSourcesBuildPhase;
			buildActionMask = 2147483647;
			files = (
			);
			runOnlyForDeploymentPostprocessing = 0;
		};
		04E52A4F1D74276B00794BEF /* Sources */ = {
			isa = PBXSourcesBuildPhase;
			buildActionMask = 2147483647;
			files = (
				04BEE2DF1D7951EA000A92A7 /* Makefile in Sources */,
				04BEE2DE1D7951EA000A92A7 /* LCBridge.m in Sources */,
			);
			runOnlyForDeploymentPostprocessing = 0;
		};
		04E52A5A1D74276B00794BEF /* Sources */ = {
			isa = PBXSourcesBuildPhase;
			buildActionMask = 2147483647;
			files = (
			);
			runOnlyForDeploymentPostprocessing = 0;
		};
/* End PBXSourcesBuildPhase section */

/* Begin PBXTargetDependency section */
		04E52A551D74276B00794BEF /* PBXTargetDependency */ = {
			isa = PBXTargetDependency;
			target = 04E52A251D74276B00794BEF /* CHFuckLocApp */;
			targetProxy = 04E52A541D74276B00794BEF /* PBXContainerItemProxy */;
		};
		04E52A601D74276B00794BEF /* PBXTargetDependency */ = {
			isa = PBXTargetDependency;
			target = 04E52A251D74276B00794BEF /* CHFuckLocApp */;
			targetProxy = 04E52A5F1D74276B00794BEF /* PBXContainerItemProxy */;
		};
/* End PBXTargetDependency section */

/* Begin PBXVariantGroup section */
		04E52A4B1D74276B00794BEF /* LaunchScreen.storyboard */ = {
			isa = PBXVariantGroup;
			children = (
				04E52A4C1D74276B00794BEF /* Base */,
			);
			name = LaunchScreen.storyboard;
			sourceTree = "<group>";
		};
/* End PBXVariantGroup section */

/* Begin XCBuildConfiguration section */
		04E52A651D74276B00794BEF /* Debug */ = {
			isa = XCBuildConfiguration;
			buildSettings = {
				ALWAYS_SEARCH_USER_PATHS = NO;
				CLANG_ANALYZER_NONNULL = YES;
				CLANG_CXX_LANGUAGE_STANDARD = "gnu++0x";
				CLANG_CXX_LIBRARY = "libc++";
				CLANG_ENABLE_MODULES = YES;
				CLANG_ENABLE_OBJC_ARC = YES;
				CLANG_WARN_BOOL_CONVERSION = YES;
				CLANG_WARN_CONSTANT_CONVERSION = YES;
				CLANG_WARN_DIRECT_OBJC_ISA_USAGE = YES_ERROR;
				CLANG_WARN_EMPTY_BODY = YES;
				CLANG_WARN_ENUM_CONVERSION = YES;
				CLANG_WARN_INT_CONVERSION = YES;
				CLANG_WARN_OBJC_ROOT_CLASS = YES_ERROR;
				CLANG_WARN_UNREACHABLE_CODE = YES;
				CLANG_WARN__DUPLICATE_METHOD_MATCH = YES;
				"CODE_SIGN_IDENTITY[sdk=iphoneos*]" = "iPhone Developer";
				COPY_PHASE_STRIP = NO;
				DEBUG_INFORMATION_FORMAT = dwarf;
				ENABLE_STRICT_OBJC_MSGSEND = YES;
				ENABLE_TESTABILITY = YES;
				EXCLUDED_RECURSIVE_SEARCH_PATH_SUBDIRECTORIES = "*.nib *.lproj *.gch (*) .DS_Store CVS .svn .git .hg *.xcodeproj *.xcode *.pbproj *.pbxproj";
				FRAMEWORK_SEARCH_PATHS = (
					"$(iOSOpenDevPath)/frameworks/**",
					"$(SDKROOT)/System/Library/PrivateFrameworks",
				);
				GCC_C_LANGUAGE_STANDARD = gnu99;
				GCC_DYNAMIC_NO_PIC = NO;
				GCC_NO_COMMON_BLOCKS = YES;
				GCC_OPTIMIZATION_LEVEL = 0;
				GCC_PREPROCESSOR_DEFINITIONS = (
					"DEBUG=1",
					"$(inherited)",
				);
				GCC_SYMBOLS_PRIVATE_EXTERN = NO;
				GCC_WARN_64_TO_32_BIT_CONVERSION = YES;
				GCC_WARN_ABOUT_MISSING_PROTOTYPES = YES;
				GCC_WARN_ABOUT_RETURN_TYPE = YES;
				GCC_WARN_UNDECLARED_SELECTOR = YES;
				GCC_WARN_UNINITIALIZED_AUTOS = YES_AGGRESSIVE;
				GCC_WARN_UNUSED_FUNCTION = YES;
				GCC_WARN_UNUSED_VARIABLE = YES;
				HEADER_SEARCH_PATHS = "$(iOSOpenDevPath)/include/**";
				IPHONEOS_DEPLOYMENT_TARGET = 9.3;
				LIBRARY_SEARCH_PATHS = "$(iOSOpenDevPath)/lib/**";
				MTL_ENABLE_DEBUG_INFO = YES;
				ONLY_ACTIVE_ARCH = YES;
				SDKROOT = iphoneos;
				TARGETED_DEVICE_FAMILY = "1,2";
				VALIDATE_PRODUCT = NO;
				iOSOpenDevPath = /opt/iOSOpenDev;
			};
			name = Debug;
		};
		04E52A661D74276B00794BEF /* Release */ = {
			isa = XCBuildConfiguration;
			buildSettings = {
				ALWAYS_SEARCH_USER_PATHS = NO;
				CLANG_ANALYZER_NONNULL = YES;
				CLANG_CXX_LANGUAGE_STANDARD = "gnu++0x";
				CLANG_CXX_LIBRARY = "libc++";
				CLANG_ENABLE_MODULES = YES;
				CLANG_ENABLE_OBJC_ARC = YES;
				CLANG_WARN_BOOL_CONVERSION = YES;
				CLANG_WARN_CONSTANT_CONVERSION = YES;
				CLANG_WARN_DIRECT_OBJC_ISA_USAGE = YES_ERROR;
				CLANG_WARN_EMPTY_BODY = YES;
				CLANG_WARN_ENUM_CONVERSION = YES;
				CLANG_WARN_INT_CONVERSION = YES;
				CLANG_WARN_OBJC_ROOT_CLASS = YES_ERROR;
				CLANG_WARN_UNREACHABLE_CODE = YES;
				CLANG_WARN__DUPLICATE_METHOD_MATCH = YES;
				"CODE_SIGN_IDENTITY[sdk=iphoneos*]" = "iPhone Developer";
				COPY_PHASE_STRIP = YES;
				DEBUG_INFORMATION_FORMAT = "dwarf-with-dsym";
				ENABLE_NS_ASSERTIONS = NO;
				ENABLE_STRICT_OBJC_MSGSEND = YES;
				EXCLUDED_RECURSIVE_SEARCH_PATH_SUBDIRECTORIES = "*.nib *.lproj *.gch (*) .DS_Store CVS .svn .git .hg *.xcodeproj *.xcode *.pbproj *.pbxproj";
				FRAMEWORK_SEARCH_PATHS = (
					"$(iOSOpenDevPath)/frameworks/**",
					"$(SDKROOT)/System/Library/PrivateFrameworks",
				);
				GCC_C_LANGUAGE_STANDARD = gnu99;
				GCC_NO_COMMON_BLOCKS = YES;
				GCC_WARN_64_TO_32_BIT_CONVERSION = YES;
				GCC_WARN_ABOUT_MISSING_PROTOTYPES = YES;
				GCC_WARN_ABOUT_RETURN_TYPE = YES;
				GCC_WARN_UNDECLARED_SELECTOR = YES;
				GCC_WARN_UNINITIALIZED_AUTOS = YES_AGGRESSIVE;
				GCC_WARN_UNUSED_FUNCTION = YES;
				GCC_WARN_UNUSED_VARIABLE = YES;
				HEADER_SEARCH_PATHS = "$(iOSOpenDevPath)/include/**";
				IPHONEOS_DEPLOYMENT_TARGET = 9.3;
				LIBRARY_SEARCH_PATHS = "$(iOSOpenDevPath)/lib/**";
				MTL_ENABLE_DEBUG_INFO = NO;
				SDKROOT = iphoneos;
				TARGETED_DEVICE_FAMILY = "1,2";
				VALIDATE_PRODUCT = YES;
				iOSOpenDevPath = /opt/iOSOpenDev;
			};
			name = Release;
		};
		04E52A681D74276B00794BEF /* Debug */ = {
			isa = XCBuildConfiguration;
			buildSettings = {
				ASSETCATALOG_COMPILER_APPICON_NAME = AppIcon;
				CODE_SIGN_IDENTITY = "";
				INFOPLIST_FILE = CHFuckLocApp/Info.plist;
				LD_RUNPATH_SEARCH_PATHS = "$(inherited) @executable_path/Frameworks";
				LIBRARY_SEARCH_PATHS = (
					"$(inherited)",
					"$(PROJECT_DIR)/CHFuckLocApp",
					"$(PROJECT_DIR)/CHFuckLocApp/chfuckloc/.theos/_/Library/MobileSubstrate/DynamicLibraries",
					"$(PROJECT_DIR)/CHFuckLocApp/chfuckloc/.theos/obj/debug/arm64",
					"$(PROJECT_DIR)/CHFuckLocApp/chfuckloc/.theos/obj/debug/armv7",
					"$(PROJECT_DIR)/CHFuckLocApp/chfuckloc/.theos/obj/debug",
					"$(PROJECT_DIR)/CHFuckLocApp/chfuckloc",
					"$(PROJECT_DIR)/CHFuckLocApp/chfuckloc/packages",
					"$(PROJECT_DIR)/打包范例",
					"$(PROJECT_DIR)/打包范例/Package/Library/MobileSubstrate/DynamicLibraries",
				);
				PRODUCT_BUNDLE_IDENTIFIER = com.86itsec.CHFakeL0C;
				PRODUCT_NAME = "$(TARGET_NAME)";
				iOSOpenDevBuildPackageOnAnyBuild = NO;
				iOSOpenDevCopyOnBuild = NO;
				iOSOpenDevDevice = 192.168.199.126;
				iOSOpenDevInstallOnAnyBuild = NO;
				iOSOpenDevInstallOnProfiling = YES;
				iOSOpenDevRespringOnInstall = YES;
				iOSOpenDevUsePackageVersionPList = YES;
			};
			name = Debug;
		};
		04E52A691D74276B00794BEF /* Release */ = {
			isa = XCBuildConfiguration;
			buildSettings = {
				ASSETCATALOG_COMPILER_APPICON_NAME = AppIcon;
				CODE_SIGN_IDENTITY = "";
				INFOPLIST_FILE = CHFuckLocApp/Info.plist;
				LD_RUNPATH_SEARCH_PATHS = "$(inherited) @executable_path/Frameworks";
				LIBRARY_SEARCH_PATHS = (
					"$(inherited)",
					"$(PROJECT_DIR)/CHFuckLocApp",
					"$(PROJECT_DIR)/CHFuckLocApp/chfuckloc/.theos/_/Library/MobileSubstrate/DynamicLibraries",
					"$(PROJECT_DIR)/CHFuckLocApp/chfuckloc/.theos/obj/debug/arm64",
					"$(PROJECT_DIR)/CHFuckLocApp/chfuckloc/.theos/obj/debug/armv7",
					"$(PROJECT_DIR)/CHFuckLocApp/chfuckloc/.theos/obj/debug",
					"$(PROJECT_DIR)/CHFuckLocApp/chfuckloc",
					"$(PROJECT_DIR)/CHFuckLocApp/chfuckloc/packages",
					"$(PROJECT_DIR)/打包范例",
					"$(PROJECT_DIR)/打包范例/Package/Library/MobileSubstrate/DynamicLibraries",
				);
				PRODUCT_BUNDLE_IDENTIFIER = com.86itsec.CHFakeL0C;
				PRODUCT_NAME = "$(TARGET_NAME)";
				iOSOpenDevBuildPackageOnAnyBuild = NO;
				iOSOpenDevCopyOnBuild = NO;
				iOSOpenDevDevice = 192.168.199.126;
				iOSOpenDevInstallOnAnyBuild = NO;
				iOSOpenDevInstallOnProfiling = YES;
				iOSOpenDevRespringOnInstall = YES;
				iOSOpenDevUsePackageVersionPList = YES;
			};
			name = Release;
		};
		04E52A6B1D74276B00794BEF /* Debug */ = {
			isa = XCBuildConfiguration;
			buildSettings = {
				BUNDLE_LOADER = "$(TEST_HOST)";
				GCC_WARN_ABOUT_RETURN_TYPE = YES_ERROR;
				INFOPLIST_FILE = CHFuckLocAppTests/Info.plist;
				LD_RUNPATH_SEARCH_PATHS = "$(inherited) @executable_path/Frameworks @loader_path/Frameworks";
				LIBRARY_SEARCH_PATHS = (
					"$(inherited)",
					"$(PROJECT_DIR)/打包范例/Package/Library/MobileSubstrate/DynamicLibraries",
					"$(PROJECT_DIR)/chfuckloc/.theos/_/Library/MobileSubstrate/DynamicLibraries",
					"$(PROJECT_DIR)/chfuckloc/.theos/obj/debug/arm64",
					"$(PROJECT_DIR)/chfuckloc/.theos/obj/debug/armv7",
					"$(PROJECT_DIR)/chfuckloc/.theos/obj/debug",
					"$(PROJECT_DIR)/chfuckloc",
					"$(PROJECT_DIR)/chfuckloc/packages",
				);
				PRODUCT_BUNDLE_IDENTIFIER = com.86itsec.CHFuckLocAppTests;
				PRODUCT_NAME = "$(TARGET_NAME)";
				TEST_HOST = "$(BUILT_PRODUCTS_DIR)/CHFuckLocApp.app/CHFuckLocApp";
			};
			name = Debug;
		};
		04E52A6C1D74276B00794BEF /* Release */ = {
			isa = XCBuildConfiguration;
			buildSettings = {
				BUNDLE_LOADER = "$(TEST_HOST)";
				COPY_PHASE_STRIP = NO;
				GCC_WARN_ABOUT_RETURN_TYPE = YES_ERROR;
				INFOPLIST_FILE = CHFuckLocAppTests/Info.plist;
				LD_RUNPATH_SEARCH_PATHS = "$(inherited) @executable_path/Frameworks @loader_path/Frameworks";
				LIBRARY_SEARCH_PATHS = (
					"$(inherited)",
					"$(PROJECT_DIR)/打包范例/Package/Library/MobileSubstrate/DynamicLibraries",
					"$(PROJECT_DIR)/chfuckloc/.theos/_/Library/MobileSubstrate/DynamicLibraries",
					"$(PROJECT_DIR)/chfuckloc/.theos/obj/debug/arm64",
					"$(PROJECT_DIR)/chfuckloc/.theos/obj/debug/armv7",
					"$(PROJECT_DIR)/chfuckloc/.theos/obj/debug",
					"$(PROJECT_DIR)/chfuckloc",
					"$(PROJECT_DIR)/chfuckloc/packages",
				);
				PRODUCT_BUNDLE_IDENTIFIER = com.86itsec.CHFuckLocAppTests;
				PRODUCT_NAME = "$(TARGET_NAME)";
				TEST_HOST = "$(BUILT_PRODUCTS_DIR)/CHFuckLocApp.app/CHFuckLocApp";
			};
			name = Release;
		};
		04E52A6E1D74276B00794BEF /* Debug */ = {
			isa = XCBuildConfiguration;
			buildSettings = {
				GCC_WARN_ABOUT_RETURN_TYPE = YES_ERROR;
				INFOPLIST_FILE = CHFuckLocAppUITests/Info.plist;
				LD_RUNPATH_SEARCH_PATHS = "$(inherited) @executable_path/Frameworks @loader_path/Frameworks";
				PRODUCT_BUNDLE_IDENTIFIER = com.86itsec.CHFuckLocAppUITests;
				PRODUCT_NAME = "$(TARGET_NAME)";
				TEST_TARGET_NAME = CHFuckLocApp;
			};
			name = Debug;
		};
		04E52A6F1D74276B00794BEF /* Release */ = {
			isa = XCBuildConfiguration;
			buildSettings = {
				COPY_PHASE_STRIP = NO;
				GCC_WARN_ABOUT_RETURN_TYPE = YES_ERROR;
				INFOPLIST_FILE = CHFuckLocAppUITests/Info.plist;
				LD_RUNPATH_SEARCH_PATHS = "$(inherited) @executable_path/Frameworks @loader_path/Frameworks";
				PRODUCT_BUNDLE_IDENTIFIER = com.86itsec.CHFuckLocAppUITests;
				PRODUCT_NAME = "$(TARGET_NAME)";
				TEST_TARGET_NAME = CHFuckLocApp;
			};
			name = Release;
		};
/* End XCBuildConfiguration section */

/* Begin XCConfigurationList section */
		04E52A1D1D74276B00794BEF /* Build configuration list for PBXProject "CHFuckLocApp" */ = {
			isa = XCConfigurationList;
			buildConfigurations = (
				04E52A651D74276B00794BEF /* Debug */,
				04E52A661D74276B00794BEF /* Release */,
			);
			defaultConfigurationIsVisible = 0;
			defaultConfigurationName = Release;
		};
		04E52A671D74276B00794BEF /* Build configuration list for PBXNativeTarget "CHFuckLocApp" */ = {
			isa = XCConfigurationList;
			buildConfigurations = (
				04E52A681D74276B00794BEF /* Debug */,
				04E52A691D74276B00794BEF /* Release */,
			);
			defaultConfigurationIsVisible = 0;
			defaultConfigurationName = Release;
		};
		04E52A6A1D74276B00794BEF /* Build configuration list for PBXNativeTarget "CHFuckLocAppTests" */ = {
			isa = XCConfigurationList;
			buildConfigurations = (
				04E52A6B1D74276B00794BEF /* Debug */,
				04E52A6C1D74276B00794BEF /* Release */,
			);
			defaultConfigurationIsVisible = 0;
			defaultConfigurationName = Release;
		};
		04E52A6D1D74276B00794BEF /* Build configuration list for PBXNativeTarget "CHFuckLocAppUITests" */ = {
			isa = XCConfigurationList;
			buildConfigurations = (
				04E52A6E1D74276B00794BEF /* Debug */,
				04E52A6F1D74276B00794BEF /* Release */,
			);
			defaultConfigurationIsVisible = 0;
			defaultConfigurationName = Release;
		};
/* End XCConfigurationList section */
	};
	rootObject = 04E52A1A1D74276B00794BEF /* Project object */;
}
